
Microsoft Visual Studio Solution File, Format Version 12.00
# Visual Studio Version 17
VisualStudioVersion = 17.5.33516.290
MinimumVisualStudioVersion = 10.0.40219.1
Project("{FAE04EC0-301F-11D3-BF4B-00C04F79EFBC}") = "MD.PersianDateTime", "MD.PersianDateTime\MD.PersianDateTime.csproj", "{4206A6BA-5EDE-4D9F-A968-39A67685A582}"
EndProject
Project("{FAE04EC0-301F-11D3-BF4B-00C04F79EFBC}") = "MD.PersianDateTime.Standard", "MD.PersianDateTime.Standard\MD.PersianDateTime.Standard.csproj", "{6803EBD0-F336-4DDF-A210-6A4FE42FF8B5}"
EndProject
Project("{FAE04EC0-301F-11D3-BF4B-00C04F79EFBC}") = "MD.PersianDateTime.Standard.Test", "MD.PersianDateTime.Standard.Test\MD.PersianDateTime.Standard.Test.csproj", "{6F763613-3CA7-49AF-ADE1-B7F6C68A0105}"
EndProject
Global
	GlobalSection(SolutionConfigurationPlatforms) = preSolution
		Debug|Any CPU = Debug|Any CPU
		Release|Any CPU = Release|Any CPU
	EndGlobalSection
	GlobalSection(ProjectConfigurationPlatforms) = postSolution
		{4206A6BA-5EDE-4D9F-A968-39A67685A582}.Debug|Any CPU.ActiveCfg = Debug|Any CPU
		{4206A6BA-5EDE-4D9F-A968-39A67685A582}.Debug|Any CPU.Build.0 = Debug|Any CPU
		{4206A6BA-5EDE-4D9F-A968-39A67685A582}.Release|Any CPU.ActiveCfg = Release|Any CPU
		{4206A6BA-5EDE-4D9F-A968-39A67685A582}.Release|Any CPU.Build.0 = Release|Any CPU
		{6803EBD0-F336-4DDF-A210-6A4FE42FF8B5}.Debug|Any CPU.ActiveCfg = Debug|Any CPU
		{6803EBD0-F336-4DDF-A210-6A4FE42FF8B5}.Debug|Any CPU.Build.0 = Debug|Any CPU
		{6803EBD0-F336-4DDF-A210-6A4FE42FF8B5}.Release|Any CPU.ActiveCfg = Release|Any CPU
		{6803EBD0-F336-4DDF-A210-6A4FE42FF8B5}.Release|Any CPU.Build.0 = Release|Any CPU
		{6F763613-3CA7-49AF-ADE1-B7F6C68A0105}.Debug|Any CPU.ActiveCfg = Debug|Any CPU
		{6F763613-3CA7-49AF-ADE1-B7F6C68A0105}.Debug|Any CPU.Build.0 = Debug|Any CPU
		{6F763613-3CA7-49AF-ADE1-B7F6C68A0105}.Release|Any CPU.ActiveCfg = Release|Any CPU
		{6F763613-3CA7-49AF-ADE1-B7F6C68A0105}.Release|Any CPU.Build.0 = Release|Any CPU
	EndGlobalSection
	GlobalSection(SolutionProperties) = preSolution
		HideSolutionNode = FALSE
	EndGlobalSection
	GlobalSection(ExtensibilityGlobals) = postSolution
		SolutionGuid = {53D59C1C-1CCF-4BFD-9B39-134CFDFFA10D}
	EndGlobalSection
EndGlobal
